
Microsoft Visual Studio Solution File, Format Version 11.00
# Visual Studio 2010
Project("{2150E333-8FDC-42A3-9474-1A3956D46DE8}") = "Parsers", "Parsers", "{AF6553D0-62A2-4B3B-A3A3-0A120F216527}"
EndProject
Project("{2150E333-8FDC-42A3-9474-1A3956D46DE8}") = "Devices", "Devices", "{C24C9E97-A737-4A49-A466-9B3E7466BD99}"
EndProject
Project("{2150E333-8FDC-42A3-9474-1A3956D46DE8}") = "BlackBoxes", "BlackBoxes", "{A27497B1-D8D9-43BB-9385-FF12809DA43B}"
EndProject
Project("{2150E333-8FDC-42A3-9474-1A3956D46DE8}") = "CST", "CST", "{2050F6D2-8BA3-4F74-B4B7-66295F5134A2}"
EndProject
Project("{2150E333-8FDC-42A3-9474-1A3956D46DE8}") = "Generators", "Generators", "{62A77A46-4FF4-49C1-A37A-12B208AF57A0}"
EndProject
Project("{2150E333-8FDC-42A3-9474-1A3956D46DE8}") = "Indicators", "Indicators", "{8244EBA7-1A00-4D5B-BED5-D7AE5445BB54}"
EndProject
Project("{2150E333-8FDC-42A3-9474-1A3956D46DE8}") = "Meters", "Meters", "{97521793-F573-4E25-A728-5EB71BEF4DBE}"
EndProject
Project("{8BC9CEB8-8B4A-11D0-8D11-00A0C91BC942}") = "LaboratoryDevices", "LaboratoryDevices\LaboratoryDevices.vcxproj", "{09202F8E-0161-409F-B786-EACA3FADACB8}"
EndProject
Project("{8BC9CEB8-8B4A-11D0-8D11-00A0C91BC942}") = "SweepFrequencyGenerator", "TestSFG\TestSFG.vcxproj", "{78F1A3C9-FC39-47DC-8E2E-438B340E6A3F}"
EndProject
Project("{8BC9CEB8-8B4A-11D0-8D11-00A0C91BC942}") = "NarrowBandFilter", "TestBlackBox\TestBlackBox.vcxproj", "{DB763EEC-9DBA-4FA6-947F-D8F493423D7A}"
EndProject
Project("{8BC9CEB8-8B4A-11D0-8D11-00A0C91BC942}") = "ReductionIndicator", "TestIndic\TestIndic.vcxproj", "{FA463DD8-3F6F-456E-B104-9D5B36F3202A}"
EndProject
Project("{8BC9CEB8-8B4A-11D0-8D11-00A0C91BC942}") = "CSTReader", "CSTReader\CSTReader.vcxproj", "{900C6F42-350D-4C94-B296-61BE3C2ACE56}"
EndProject
Project("{8BC9CEB8-8B4A-11D0-8D11-00A0C91BC942}") = "HighFrequencySignalsGenerator", "HighFrequencySignalsGenerator\HighFrequencySignalsGenerator.vcxproj", "{003CCA19-4EFD-4669-9B29-C1DBCD890C08}"
EndProject
Project("{8BC9CEB8-8B4A-11D0-8D11-00A0C91BC942}") = "MicrostripResonatorParser", "MicrostripResonatorParser\MicrostripResonatorParser.vcxproj", "{E9B99696-3C77-4340-B490-6774EF329D71}"
EndProject
Project("{8BC9CEB8-8B4A-11D0-8D11-00A0C91BC942}") = "MicrostripResonator", "MicrostripResonator\MicrostripResonator.vcxproj", "{5368504F-5693-47C8-BF2A-E69D866FCCAF}"
EndProject
Project("{8BC9CEB8-8B4A-11D0-8D11-00A0C91BC942}") = "LaboratoryDevicesSetup", "LaboratoryDevicesSetup\LaboratoryDevicesSetup.vcxproj", "{3EAC80FB-026E-4425-B991-0315C3EC786D}"
EndProject
Project("{8BC9CEB8-8B4A-11D0-8D11-00A0C91BC942}") = "WaveguidePowerDividerParser", "WaveguidePowerDividerParser\WaveguidePowerDividerParser.vcxproj", "{6EFC8C17-A9B1-495B-A2BF-C6B30430921C}"
EndProject
Project("{8BC9CEB8-8B4A-11D0-8D11-00A0C91BC942}") = "WaveguidePowerDivider", "WaveguidePowerDivider\WaveguidePowerDivider.vcxproj", "{48E3C951-2440-4ED8-92FF-2E75095CF164}"
EndProject
Project("{8BC9CEB8-8B4A-11D0-8D11-00A0C91BC942}") = "BandPassFilterParser", "BandPassFilterParser\BandPassFilterParser.vcxproj", "{B916CC17-DE72-415A-A3C0-A04FC1570960}"
EndProject
Project("{8BC9CEB8-8B4A-11D0-8D11-00A0C91BC942}") = "BandPassFilter", "BandPassFilter\BandPassFilter.vcxproj", "{225198A5-71E4-41EA-A570-336A1FC1EB80}"
EndProject
Project("{8BC9CEB8-8B4A-11D0-8D11-00A0C91BC942}") = "CoaxialWaveguideTransitionParser", "CoaxialWaveguideTransitionParser\CoaxialWaveguideTransitionParser.vcxproj", "{DED3B76B-07BF-4C66-994D-32FCC0980D62}"
EndProject
Project("{8BC9CEB8-8B4A-11D0-8D11-00A0C91BC942}") = "CoaxialWaveguideTransition", "CoaxialWaveguideTransition\CoaxialWaveguideTransition.vcxproj", "{8EAD90C5-F03E-4456-A9A3-5162310C3E53}"
EndProject
Project("{8BC9CEB8-8B4A-11D0-8D11-00A0C91BC942}") = "WaveguideTBridge", "WaveguideTBridge\WaveguideTBridge.vcxproj", "{297C8F92-8E26-4AE5-8836-84FC6C0C1576}"
EndProject
Project("{8BC9CEB8-8B4A-11D0-8D11-00A0C91BC942}") = "SelectiveMicrovoltmeter", "SelectiveMicrovoltmeter\SelectiveMicrovoltmeter.vcxproj", "{1353DA03-3806-40F5-A8BE-58FF1D83DF89}"
EndProject
Global
	GlobalSection(SolutionConfigurationPlatforms) = preSolution
		Debug|Win32 = Debug|Win32
		Release|Win32 = Release|Win32
	EndGlobalSection
	GlobalSection(ProjectConfigurationPlatforms) = postSolution
		{09202F8E-0161-409F-B786-EACA3FADACB8}.Debug|Win32.ActiveCfg = Debug|Win32
		{09202F8E-0161-409F-B786-EACA3FADACB8}.Debug|Win32.Build.0 = Debug|Win32
		{09202F8E-0161-409F-B786-EACA3FADACB8}.Release|Win32.ActiveCfg = Release|Win32
		{09202F8E-0161-409F-B786-EACA3FADACB8}.Release|Win32.Build.0 = Release|Win32
		{78F1A3C9-FC39-47DC-8E2E-438B340E6A3F}.Debug|Win32.ActiveCfg = Debug|Win32
		{78F1A3C9-FC39-47DC-8E2E-438B340E6A3F}.Debug|Win32.Build.0 = Debug|Win32
		{78F1A3C9-FC39-47DC-8E2E-438B340E6A3F}.Release|Win32.ActiveCfg = Release|Win32
		{78F1A3C9-FC39-47DC-8E2E-438B340E6A3F}.Release|Win32.Build.0 = Release|Win32
		{DB763EEC-9DBA-4FA6-947F-D8F493423D7A}.Debug|Win32.ActiveCfg = Debug|Win32
		{DB763EEC-9DBA-4FA6-947F-D8F493423D7A}.Debug|Win32.Build.0 = Debug|Win32
		{DB763EEC-9DBA-4FA6-947F-D8F493423D7A}.Release|Win32.ActiveCfg = Release|Win32
		{DB763EEC-9DBA-4FA6-947F-D8F493423D7A}.Release|Win32.Build.0 = Release|Win32
		{FA463DD8-3F6F-456E-B104-9D5B36F3202A}.Debug|Win32.ActiveCfg = Debug|Win32
		{FA463DD8-3F6F-456E-B104-9D5B36F3202A}.Debug|Win32.Build.0 = Debug|Win32
		{FA463DD8-3F6F-456E-B104-9D5B36F3202A}.Release|Win32.ActiveCfg = Release|Win32
		{FA463DD8-3F6F-456E-B104-9D5B36F3202A}.Release|Win32.Build.0 = Release|Win32
		{900C6F42-350D-4C94-B296-61BE3C2ACE56}.Debug|Win32.ActiveCfg = Debug|Win32
		{900C6F42-350D-4C94-B296-61BE3C2ACE56}.Debug|Win32.Build.0 = Debug|Win32
		{900C6F42-350D-4C94-B296-61BE3C2ACE56}.Release|Win32.ActiveCfg = Release|Win32
		{900C6F42-350D-4C94-B296-61BE3C2ACE56}.Release|Win32.Build.0 = Release|Win32
		{003CCA19-4EFD-4669-9B29-C1DBCD890C08}.Debug|Win32.ActiveCfg = Debug|Win32
		{003CCA19-4EFD-4669-9B29-C1DBCD890C08}.Debug|Win32.Build.0 = Debug|Win32
		{003CCA19-4EFD-4669-9B29-C1DBCD890C08}.Release|Win32.ActiveCfg = Release|Win32
		{003CCA19-4EFD-4669-9B29-C1DBCD890C08}.Release|Win32.Build.0 = Release|Win32
		{E9B99696-3C77-4340-B490-6774EF329D71}.Debug|Win32.ActiveCfg = Debug|Win32
		{E9B99696-3C77-4340-B490-6774EF329D71}.Debug|Win32.Build.0 = Debug|Win32
		{E9B99696-3C77-4340-B490-6774EF329D71}.Release|Win32.ActiveCfg = Release|Win32
		{E9B99696-3C77-4340-B490-6774EF329D71}.Release|Win32.Build.0 = Release|Win32
		{5368504F-5693-47C8-BF2A-E69D866FCCAF}.Debug|Win32.ActiveCfg = Debug|Win32
		{5368504F-5693-47C8-BF2A-E69D866FCCAF}.Debug|Win32.Build.0 = Debug|Win32
		{5368504F-5693-47C8-BF2A-E69D866FCCAF}.Release|Win32.ActiveCfg = Release|Win32
		{5368504F-5693-47C8-BF2A-E69D866FCCAF}.Release|Win32.Build.0 = Release|Win32
		{3EAC80FB-026E-4425-B991-0315C3EC786D}.Debug|Win32.ActiveCfg = Debug|Win32
		{3EAC80FB-026E-4425-B991-0315C3EC786D}.Debug|Win32.Build.0 = Debug|Win32
		{3EAC80FB-026E-4425-B991-0315C3EC786D}.Release|Win32.ActiveCfg = Release|Win32
		{3EAC80FB-026E-4425-B991-0315C3EC786D}.Release|Win32.Build.0 = Release|Win32
		{6EFC8C17-A9B1-495B-A2BF-C6B30430921C}.Debug|Win32.ActiveCfg = Debug|Win32
		{6EFC8C17-A9B1-495B-A2BF-C6B30430921C}.Debug|Win32.Build.0 = Debug|Win32
		{6EFC8C17-A9B1-495B-A2BF-C6B30430921C}.Release|Win32.ActiveCfg = Release|Win32
		{6EFC8C17-A9B1-495B-A2BF-C6B30430921C}.Release|Win32.Build.0 = Release|Win32
		{48E3C951-2440-4ED8-92FF-2E75095CF164}.Debug|Win32.ActiveCfg = Debug|Win32
		{48E3C951-2440-4ED8-92FF-2E75095CF164}.Debug|Win32.Build.0 = Debug|Win32
		{48E3C951-2440-4ED8-92FF-2E75095CF164}.Release|Win32.ActiveCfg = Release|Win32
		{48E3C951-2440-4ED8-92FF-2E75095CF164}.Release|Win32.Build.0 = Release|Win32
		{B916CC17-DE72-415A-A3C0-A04FC1570960}.Debug|Win32.ActiveCfg = Debug|Win32
		{B916CC17-DE72-415A-A3C0-A04FC1570960}.Debug|Win32.Build.0 = Debug|Win32
		{B916CC17-DE72-415A-A3C0-A04FC1570960}.Release|Win32.ActiveCfg = Release|Win32
		{B916CC17-DE72-415A-A3C0-A04FC1570960}.Release|Win32.Build.0 = Release|Win32
		{225198A5-71E4-41EA-A570-336A1FC1EB80}.Debug|Win32.ActiveCfg = Debug|Win32
		{225198A5-71E4-41EA-A570-336A1FC1EB80}.Debug|Win32.Build.0 = Debug|Win32
		{225198A5-71E4-41EA-A570-336A1FC1EB80}.Release|Win32.ActiveCfg = Release|Win32
		{225198A5-71E4-41EA-A570-336A1FC1EB80}.Release|Win32.Build.0 = Release|Win32
		{DED3B76B-07BF-4C66-994D-32FCC0980D62}.Debug|Win32.ActiveCfg = Debug|Win32
		{DED3B76B-07BF-4C66-994D-32FCC0980D62}.Debug|Win32.Build.0 = Debug|Win32
		{DED3B76B-07BF-4C66-994D-32FCC0980D62}.Release|Win32.ActiveCfg = Release|Win32
		{DED3B76B-07BF-4C66-994D-32FCC0980D62}.Release|Win32.Build.0 = Release|Win32
		{8EAD90C5-F03E-4456-A9A3-5162310C3E53}.Debug|Win32.ActiveCfg = Debug|Win32
		{8EAD90C5-F03E-4456-A9A3-5162310C3E53}.Debug|Win32.Build.0 = Debug|Win32
		{8EAD90C5-F03E-4456-A9A3-5162310C3E53}.Release|Win32.ActiveCfg = Release|Win32
		{8EAD90C5-F03E-4456-A9A3-5162310C3E53}.Release|Win32.Build.0 = Release|Win32
		{297C8F92-8E26-4AE5-8836-84FC6C0C1576}.Debug|Win32.ActiveCfg = Debug|Win32
		{297C8F92-8E26-4AE5-8836-84FC6C0C1576}.Debug|Win32.Build.0 = Debug|Win32
		{297C8F92-8E26-4AE5-8836-84FC6C0C1576}.Release|Win32.ActiveCfg = Release|Win32
		{297C8F92-8E26-4AE5-8836-84FC6C0C1576}.Release|Win32.Build.0 = Release|Win32
		{1353DA03-3806-40F5-A8BE-58FF1D83DF89}.Debug|Win32.ActiveCfg = Debug|Win32
		{1353DA03-3806-40F5-A8BE-58FF1D83DF89}.Debug|Win32.Build.0 = Debug|Win32
		{1353DA03-3806-40F5-A8BE-58FF1D83DF89}.Release|Win32.ActiveCfg = Release|Win32
		{1353DA03-3806-40F5-A8BE-58FF1D83DF89}.Release|Win32.Build.0 = Release|Win32
	EndGlobalSection
	GlobalSection(SolutionProperties) = preSolution
		HideSolutionNode = FALSE
	EndGlobalSection
	GlobalSection(NestedProjects) = preSolution
		{900C6F42-350D-4C94-B296-61BE3C2ACE56} = {AF6553D0-62A2-4B3B-A3A3-0A120F216527}
		{E9B99696-3C77-4340-B490-6774EF329D71} = {AF6553D0-62A2-4B3B-A3A3-0A120F216527}
		{6EFC8C17-A9B1-495B-A2BF-C6B30430921C} = {AF6553D0-62A2-4B3B-A3A3-0A120F216527}
		{B916CC17-DE72-415A-A3C0-A04FC1570960} = {AF6553D0-62A2-4B3B-A3A3-0A120F216527}
		{DED3B76B-07BF-4C66-994D-32FCC0980D62} = {AF6553D0-62A2-4B3B-A3A3-0A120F216527}
		{A27497B1-D8D9-43BB-9385-FF12809DA43B} = {C24C9E97-A737-4A49-A466-9B3E7466BD99}
		{62A77A46-4FF4-49C1-A37A-12B208AF57A0} = {C24C9E97-A737-4A49-A466-9B3E7466BD99}
		{8244EBA7-1A00-4D5B-BED5-D7AE5445BB54} = {C24C9E97-A737-4A49-A466-9B3E7466BD99}
		{97521793-F573-4E25-A728-5EB71BEF4DBE} = {C24C9E97-A737-4A49-A466-9B3E7466BD99}
		{2050F6D2-8BA3-4F74-B4B7-66295F5134A2} = {A27497B1-D8D9-43BB-9385-FF12809DA43B}
		{297C8F92-8E26-4AE5-8836-84FC6C0C1576} = {A27497B1-D8D9-43BB-9385-FF12809DA43B}
		{DB763EEC-9DBA-4FA6-947F-D8F493423D7A} = {2050F6D2-8BA3-4F74-B4B7-66295F5134A2}
		{5368504F-5693-47C8-BF2A-E69D866FCCAF} = {2050F6D2-8BA3-4F74-B4B7-66295F5134A2}
		{48E3C951-2440-4ED8-92FF-2E75095CF164} = {2050F6D2-8BA3-4F74-B4B7-66295F5134A2}
		{225198A5-71E4-41EA-A570-336A1FC1EB80} = {2050F6D2-8BA3-4F74-B4B7-66295F5134A2}
		{8EAD90C5-F03E-4456-A9A3-5162310C3E53} = {2050F6D2-8BA3-4F74-B4B7-66295F5134A2}
		{78F1A3C9-FC39-47DC-8E2E-438B340E6A3F} = {62A77A46-4FF4-49C1-A37A-12B208AF57A0}
		{003CCA19-4EFD-4669-9B29-C1DBCD890C08} = {62A77A46-4FF4-49C1-A37A-12B208AF57A0}
		{FA463DD8-3F6F-456E-B104-9D5B36F3202A} = {8244EBA7-1A00-4D5B-BED5-D7AE5445BB54}
		{1353DA03-3806-40F5-A8BE-58FF1D83DF89} = {97521793-F573-4E25-A728-5EB71BEF4DBE}
	EndGlobalSection
	GlobalSection(ExtensibilityGlobals) = postSolution
		QtVersion = vs2008_4.7.2
	EndGlobalSection
EndGlobal
