<?xml version="1.0" encoding="utf-8"?>
<Project ToolsVersion="4.0" xmlns="http://schemas.microsoft.com/developer/msbuild/2003">
  <ItemGroup>
    <Filter Include="Source Files">
      <UniqueIdentifier>{4FC737F1-C7A5-4376-A066-2A32D752A2FF}</UniqueIdentifier>
      <Extensions>cpp;cxx;c;def</Extensions>
    </Filter>
    <Filter Include="Header Files">
      <UniqueIdentifier>{93995380-89BD-4b04-88EB-625FBE52EBFB}</UniqueIdentifier>
      <Extensions>h</Extensions>
    </Filter>
    <Filter Include="Header Files\AbstractDevices">
      <UniqueIdentifier>{f82f45be-3964-46be-a99c-fceb03015384}</UniqueIdentifier>
    </Filter>
    <Filter Include="Resource Files">
      <UniqueIdentifier>{D9D6E242-F8AF-46E4-B9FD-80ECBC20BA3E}</UniqueIdentifier>
      <Extensions>qrc;*</Extensions>
      <ParseFiles>false</ParseFiles>
    </Filter>
    <Filter Include="Generated Files">
      <UniqueIdentifier>{71ED8ED8-ACB9-4CE9-BBE1-E00B30144E11}</UniqueIdentifier>
      <Extensions>moc;h;cpp</Extensions>
      <SourceControlFiles>False</SourceControlFiles>
    </Filter>
    <Filter Include="Generated Files\Release">
      <UniqueIdentifier>{1696fb5e-c5f9-4673-9c52-74edc253aed9}</UniqueIdentifier>
      <Extensions>cpp;moc</Extensions>
      <SourceControlFiles>False</SourceControlFiles>
    </Filter>
    <Filter Include="Generated Files\Debug">
      <UniqueIdentifier>{bd6aa332-0074-46f9-8c8e-39f252eec784}</UniqueIdentifier>
      <Extensions>cpp;moc</Extensions>
      <SourceControlFiles>False</SourceControlFiles>
    </Filter>
  </ItemGroup>
  <ItemGroup>
    <ClCompile Include="LabComposer.cpp">
      <Filter>Source Files</Filter>
    </ClCompile>
    <ClCompile Include="LabConnectionWidget.cpp">
      <Filter>Source Files</Filter>
    </ClCompile>
    <ClCompile Include="LabFacilityArea.cpp">
      <Filter>Source Files</Filter>
    </ClCompile>
    <ClCompile Include="LabFacilityButton.cpp">
      <Filter>Source Files</Filter>
    </ClCompile>
    <ClCompile Include="LabMerger.cpp">
      <Filter>Source Files</Filter>
    </ClCompile>
    <ClCompile Include="LabRender.cpp">
      <Filter>Source Files</Filter>
    </ClCompile>
    <ClCompile Include="LoadingDllScreen.cpp">
      <Filter>Source Files</Filter>
    </ClCompile>
    <ClCompile Include="main.cpp">
      <Filter>Source Files</Filter>
    </ClCompile>
    <ClCompile Include="SelectDevicesWidget.cpp">
      <Filter>Source Files</Filter>
    </ClCompile>
    <ClCompile Include="StartWindow.cpp">
      <Filter>Source Files</Filter>
    </ClCompile>
    <ClCompile Include="GeneratedFiles\Release\moc_AbstractBlackBox.cpp">
      <Filter>Generated Files\Release</Filter>
    </ClCompile>
    <ClCompile Include="GeneratedFiles\Release\moc_AbstractDevice.cpp">
      <Filter>Generated Files\Release</Filter>
    </ClCompile>
    <ClCompile Include="GeneratedFiles\Release\moc_AbstractFactory.cpp">
      <Filter>Generated Files\Release</Filter>
    </ClCompile>
    <ClCompile Include="GeneratedFiles\Release\moc_AbstractIndicator.cpp">
      <Filter>Generated Files\Release</Filter>
    </ClCompile>
    <ClCompile Include="GeneratedFiles\Release\moc_AbstractSFGenerator.cpp">
      <Filter>Generated Files\Release</Filter>
    </ClCompile>
    <ClCompile Include="GeneratedFiles\Release\moc_LabComposer.cpp">
      <Filter>Generated Files\Release</Filter>
    </ClCompile>
    <ClCompile Include="GeneratedFiles\Release\moc_LabConnectionWidget.cpp">
      <Filter>Generated Files\Release</Filter>
    </ClCompile>
    <ClCompile Include="GeneratedFiles\Release\moc_LabFacilityArea.cpp">
      <Filter>Generated Files\Release</Filter>
    </ClCompile>
    <ClCompile Include="GeneratedFiles\Release\moc_LabFacilityButton.cpp">
      <Filter>Generated Files\Release</Filter>
    </ClCompile>
    <ClCompile Include="GeneratedFiles\Release\moc_LabMerger.cpp">
      <Filter>Generated Files\Release</Filter>
    </ClCompile>
    <ClCompile Include="GeneratedFiles\Release\moc_LabRender.cpp">
      <Filter>Generated Files\Release</Filter>
    </ClCompile>
    <ClCompile Include="GeneratedFiles\Release\moc_LoadingDllScreen.cpp">
      <Filter>Generated Files\Release</Filter>
    </ClCompile>
    <ClCompile Include="GeneratedFiles\Release\moc_SelectDevicesWidget.cpp">
      <Filter>Generated Files\Release</Filter>
    </ClCompile>
    <ClCompile Include="GeneratedFiles\Release\moc_StartWindow.cpp">
      <Filter>Generated Files\Release</Filter>
    </ClCompile>
    <ClCompile Include="GeneratedFiles\Debug\moc_AbstractBlackBox.cpp">
      <Filter>Generated Files\Debug</Filter>
    </ClCompile>
    <ClCompile Include="GeneratedFiles\Debug\moc_AbstractDevice.cpp">
      <Filter>Generated Files\Debug</Filter>
    </ClCompile>
    <ClCompile Include="GeneratedFiles\Debug\moc_AbstractFactory.cpp">
      <Filter>Generated Files\Debug</Filter>
    </ClCompile>
    <ClCompile Include="GeneratedFiles\Debug\moc_AbstractIndicator.cpp">
      <Filter>Generated Files\Debug</Filter>
    </ClCompile>
    <ClCompile Include="GeneratedFiles\Debug\moc_AbstractSFGenerator.cpp">
      <Filter>Generated Files\Debug</Filter>
    </ClCompile>
    <ClCompile Include="GeneratedFiles\Debug\moc_LabComposer.cpp">
      <Filter>Generated Files\Debug</Filter>
    </ClCompile>
    <ClCompile Include="GeneratedFiles\Debug\moc_LabConnectionWidget.cpp">
      <Filter>Generated Files\Debug</Filter>
    </ClCompile>
    <ClCompile Include="GeneratedFiles\Debug\moc_LabFacilityArea.cpp">
      <Filter>Generated Files\Debug</Filter>
    </ClCompile>
    <ClCompile Include="GeneratedFiles\Debug\moc_LabFacilityButton.cpp">
      <Filter>Generated Files\Debug</Filter>
    </ClCompile>
    <ClCompile Include="GeneratedFiles\Debug\moc_LabMerger.cpp">
      <Filter>Generated Files\Debug</Filter>
    </ClCompile>
    <ClCompile Include="GeneratedFiles\Debug\moc_LabRender.cpp">
      <Filter>Generated Files\Debug</Filter>
    </ClCompile>
    <ClCompile Include="GeneratedFiles\Debug\moc_LoadingDllScreen.cpp">
      <Filter>Generated Files\Debug</Filter>
    </ClCompile>
    <ClCompile Include="GeneratedFiles\Debug\moc_SelectDevicesWidget.cpp">
      <Filter>Generated Files\Debug</Filter>
    </ClCompile>
    <ClCompile Include="GeneratedFiles\Debug\moc_StartWindow.cpp">
      <Filter>Generated Files\Debug</Filter>
    </ClCompile>
  </ItemGroup>
  <ItemGroup>
    <ClInclude Include="globals.h">
      <Filter>Header Files</Filter>
    </ClInclude>
    <ClInclude Include="structures.h">
      <Filter>Header Files</Filter>
    </ClInclude>
    <ClInclude Include="..\AbstractDevices\AbstractFunc.h">
      <Filter>Header Files\AbstractDevices</Filter>
    </ClInclude>
    <ClInclude Include="..\AbstractDevices\DeviceException.h">
      <Filter>Header Files\AbstractDevices</Filter>
    </ClInclude>
  </ItemGroup>
  <ItemGroup>
    <CustomBuild Include="LabComposer.h">
      <Filter>Header Files</Filter>
    </CustomBuild>
    <CustomBuild Include="LabConnectionWidget.h">
      <Filter>Header Files</Filter>
    </CustomBuild>
    <CustomBuild Include="LabFacilityArea.h">
      <Filter>Header Files</Filter>
    </CustomBuild>
    <CustomBuild Include="LabFacilityButton.h">
      <Filter>Header Files</Filter>
    </CustomBuild>
    <CustomBuild Include="LabMerger.h">
      <Filter>Header Files</Filter>
    </CustomBuild>
    <CustomBuild Include="LabRender.h">
      <Filter>Header Files</Filter>
    </CustomBuild>
    <CustomBuild Include="LoadingDllScreen.h">
      <Filter>Header Files</Filter>
    </CustomBuild>
    <CustomBuild Include="SelectDevicesWidget.h">
      <Filter>Header Files</Filter>
    </CustomBuild>
    <CustomBuild Include="StartWindow.h">
      <Filter>Header Files</Filter>
    </CustomBuild>
    <CustomBuild Include="..\AbstractDevices\AbstractBlackBox.h">
      <Filter>Header Files\AbstractDevices</Filter>
    </CustomBuild>
    <CustomBuild Include="..\AbstractDevices\AbstractDevice.h">
      <Filter>Header Files\AbstractDevices</Filter>
    </CustomBuild>
    <CustomBuild Include="..\AbstractDevices\AbstractFactory.h">
      <Filter>Header Files\AbstractDevices</Filter>
    </CustomBuild>
    <CustomBuild Include="..\AbstractDevices\AbstractIndicator.h">
      <Filter>Header Files\AbstractDevices</Filter>
    </CustomBuild>
    <CustomBuild Include="..\AbstractDevices\AbstractSFGenerator.h">
      <Filter>Header Files\AbstractDevices</Filter>
    </CustomBuild>
  </ItemGroup>
</Project>